
Microsoft Visual Studio Solution File, Format Version 12.00
# Visual Studio Version 17
VisualStudioVersion = 17.14.36623.8
MinimumVisualStudioVersion = 10.0.40219.1
Project("{FAE04EC0-301F-11D3-BF4B-00C04F79EFBC}") = "WebApplication16", "WebApplication16.csproj", "{D3AE73D0-8436-4E90-830A-11D3275A2096}"
EndProject
Project("{FAE04EC0-301F-11D3-BF4B-00C04F79EFBC}") = "WorkerService", "..\WorkerService\WorkerService.csproj", "{2458D010-AD85-4F0F-8E2B-90B4EE3CC22F}"
EndProject
Global
	GlobalSection(SolutionConfigurationPlatforms) = preSolution
		Debug|Any CPU = Debug|Any CPU
		Debug|x64 = Debug|x64
		Debug|x86 = Debug|x86
		Release|Any CPU = Release|Any CPU
		Release|x64 = Release|x64
		Release|x86 = Release|x86
	EndGlobalSection
	GlobalSection(ProjectConfigurationPlatforms) = postSolution
		{D3AE73D0-8436-4E90-830A-11D3275A2096}.Debug|Any CPU.ActiveCfg = Debug|Any CPU
		{D3AE73D0-8436-4E90-830A-11D3275A2096}.Debug|Any CPU.Build.0 = Debug|Any CPU
		{D3AE73D0-8436-4E90-830A-11D3275A2096}.Debug|x64.ActiveCfg = Debug|Any CPU
		{D3AE73D0-8436-4E90-830A-11D3275A2096}.Debug|x64.Build.0 = Debug|Any CPU
		{D3AE73D0-8436-4E90-830A-11D3275A2096}.Debug|x86.ActiveCfg = Debug|Any CPU
		{D3AE73D0-8436-4E90-830A-11D3275A2096}.Debug|x86.Build.0 = Debug|Any CPU
		{D3AE73D0-8436-4E90-830A-11D3275A2096}.Release|Any CPU.ActiveCfg = Release|Any CPU
		{D3AE73D0-8436-4E90-830A-11D3275A2096}.Release|Any CPU.Build.0 = Release|Any CPU
		{D3AE73D0-8436-4E90-830A-11D3275A2096}.Release|x64.ActiveCfg = Release|Any CPU
		{D3AE73D0-8436-4E90-830A-11D3275A2096}.Release|x64.Build.0 = Release|Any CPU
		{D3AE73D0-8436-4E90-830A-11D3275A2096}.Release|x86.ActiveCfg = Release|Any CPU
		{D3AE73D0-8436-4E90-830A-11D3275A2096}.Release|x86.Build.0 = Release|Any CPU
		{2458D010-AD85-4F0F-8E2B-90B4EE3CC22F}.Debug|Any CPU.ActiveCfg = Debug|Any CPU
		{2458D010-AD85-4F0F-8E2B-90B4EE3CC22F}.Debug|Any CPU.Build.0 = Debug|Any CPU
		{2458D010-AD85-4F0F-8E2B-90B4EE3CC22F}.Debug|x64.ActiveCfg = Debug|Any CPU
		{2458D010-AD85-4F0F-8E2B-90B4EE3CC22F}.Debug|x64.Build.0 = Debug|Any CPU
		{2458D010-AD85-4F0F-8E2B-90B4EE3CC22F}.Debug|x86.ActiveCfg = Debug|Any CPU
		{2458D010-AD85-4F0F-8E2B-90B4EE3CC22F}.Debug|x86.Build.0 = Debug|Any CPU
		{2458D010-AD85-4F0F-8E2B-90B4EE3CC22F}.Release|Any CPU.ActiveCfg = Release|Any CPU
		{2458D010-AD85-4F0F-8E2B-90B4EE3CC22F}.Release|Any CPU.Build.0 = Release|Any CPU
		{2458D010-AD85-4F0F-8E2B-90B4EE3CC22F}.Release|x64.ActiveCfg = Release|Any CPU
		{2458D010-AD85-4F0F-8E2B-90B4EE3CC22F}.Release|x64.Build.0 = Release|Any CPU
		{2458D010-AD85-4F0F-8E2B-90B4EE3CC22F}.Release|x86.ActiveCfg = Release|Any CPU
		{2458D010-AD85-4F0F-8E2B-90B4EE3CC22F}.Release|x86.Build.0 = Release|Any CPU
	EndGlobalSection
	GlobalSection(SolutionProperties) = preSolution
		HideSolutionNode = FALSE
	EndGlobalSection
	GlobalSection(ExtensibilityGlobals) = postSolution
		SolutionGuid = {DB1D1C05-A166-4F0E-8978-12DBFC80B61D}
	EndGlobalSection
EndGlobal
